dependencies:
  espressif/mavlink:
    component_hash: 06bd18a376a5bcc5ff7d4dddfe1a704e1f32b9920e284d2fbd795377b0c1755d
    dependencies:
    - name: idf
      require: private
      version: '>=4.3.0'
    source:
      registry_url: https://components.espressif.com/
      type: service
    version: 1.0.0~1
  idf:
    source:
      type: idf
    version: 5.5.2
  ssd1306:
    dependencies: []
    source:
      path: /Users/oleksiikolyvaiko/esp/sentinel-idf/components/ssd1306
      type: local
    version: 1.1.2
direct_dependencies:
- components/ssd1306
- espressif/mavlink
- idf
manifest_hash: 42149e849805c2fbb5f8101e1d7888b842fc008a3dfc5e67ba394f72f567e37b
target: esp32c6
version: 2.0.0
