dependencies:
  idf:
    source:
      type: idf
    version: 5.5.2
  ssd1306:
    dependencies: []
    source:
      path: /Users/oleksiikolyvaiko/esp/sentinel-idf/components/ssd1306
      type: local
    version: 1.1.2
direct_dependencies:
- components/ssd1306
- idf
manifest_hash: c3639bd1eb56f2c9ede6c7311fd82c48bfc2ea6648e604058cb89adb97d1f7c3
target: esp32c6
version: 2.0.0
